
Microsoft Visual Studio Solution File, Format Version 12.00
# Visual Studio Version 17
VisualStudioVersion = 17.10.35013.160
MinimumVisualStudioVersion = 10.0.40219.1
Project("{9A19103F-16F7-4668-BE54-9A1E7A4F7556}") = "Theme", "Theme\Theme.csproj", "{1AE6B268-2839-4AEE-AA88-6DC94FC26080}"
EndProject
Project("{9A19103F-16F7-4668-BE54-9A1E7A4F7556}") = "ThemeDiMvvm", "ThemeDiMvvm\ThemeDiMvvm.csproj", "{FAEF9EC3-DDB4-49B9-BB2E-7712B1083EF5}"
EndProject
Global
	GlobalSection(SolutionConfigurationPlatforms) = preSolution
		Debug|Any CPU = Debug|Any CPU
		Release|Any CPU = Release|Any CPU
	EndGlobalSection
	GlobalSection(ProjectConfigurationPlatforms) = postSolution
		{1AE6B268-2839-4AEE-AA88-6DC94FC26080}.Debug|Any CPU.ActiveCfg = Debug|Any CPU
		{1AE6B268-2839-4AEE-AA88-6DC94FC26080}.Debug|Any CPU.Build.0 = Debug|Any CPU
		{1AE6B268-2839-4AEE-AA88-6DC94FC26080}.Release|Any CPU.ActiveCfg = Release|Any CPU
		{1AE6B268-2839-4AEE-AA88-6DC94FC26080}.Release|Any CPU.Build.0 = Release|Any CPU
		{FAEF9EC3-DDB4-49B9-BB2E-7712B1083EF5}.Debug|Any CPU.ActiveCfg = Debug|Any CPU
		{FAEF9EC3-DDB4-49B9-BB2E-7712B1083EF5}.Debug|Any CPU.Build.0 = Debug|Any CPU
		{FAEF9EC3-DDB4-49B9-BB2E-7712B1083EF5}.Release|Any CPU.ActiveCfg = Release|Any CPU
		{FAEF9EC3-DDB4-49B9-BB2E-7712B1083EF5}.Release|Any CPU.Build.0 = Release|Any CPU
	EndGlobalSection
	GlobalSection(SolutionProperties) = preSolution
		HideSolutionNode = FALSE
	EndGlobalSection
	GlobalSection(ExtensibilityGlobals) = postSolution
		SolutionGuid = {F3575EE5-7BB5-445E-93FE-FE40E510AD71}
	EndGlobalSection
EndGlobal
